# Empty Allowed-Repos Block — Compliance Fixture
# Tests: T-GH-015, T-GH-016
# Spec: §5 Repository Scoping, §5.3 Empty or Absent Repository List

fixture_id: "empty-repos-block"
description: >
  When the repository scope field is absent (omitted), all accessible repositories are allowed (§4.4.1).
  When the `allowed-repos` field is present but empty (`allowed-repos: []`), it is rejected at compile time as
  an invalid configuration; at runtime the formal model treats it as a no-match, denying access
  to every repository (T-GH-016).

spec_refs:
  - "§4.4.1 — Absent repository scope field allows all accessible repositories"
  - "§5.3 — Empty allowed-repos array is a compile-time validation error; runtime treats as no-match"
  - "§5.3 — T-GH-016: empty allowed-repos list results in deny at runtime"

scenarios:
  # --- Scenario A: absent repository scope field allows all repositories ---
  - scenario_id: "empty-repos-block-A"
    description: "Tool config with no repository scope field allows request for any repository"
    input:
      tool_config:
        # repository scope field is intentionally absent — all accessible repos are allowed
        min-integrity: "unapproved"
      request:
        repository: "github/gh-aw"
        content_integrity: "unapproved"
    expected:
      decision: allow
      error_code: null
      reason: ""

  # --- Scenario B: empty allowed-repos list denies all repositories ---
  - scenario_id: "empty-repos-block-B"
    description: "Tool config with an empty allowed-repos: [] denies request for any repository (invalid config; runtime no-match)"
    input:
      tool_config:
        allowed-repos: []
        min-integrity: "unapproved"
      request:
        repository: "github/gh-aw"
        content_integrity: "unapproved"
    expected:
      decision: deny
      error_code: -32002
      reason: "repository not in allowed list"
